
Microsoft Visual Studio Solution File, Format Version 12.00
# Visual Studio 15
VisualStudioVersion = 15.0.26730.3
MinimumVisualStudioVersion = 10.0.40219.1
Project("{FAE04EC0-301F-11D3-BF4B-00C04F79EFBC}") = "The Money Credit Counter v1.5", "The Money Credit Counter v1.5\The Money Credit Counter v1.5.csproj", "{D8511A34-99BF-48A7-953D-CDD4FC09678A}"
EndProject
Global
	GlobalSection(SolutionConfigurationPlatforms) = preSolution
		Debug|Any CPU = Debug|Any CPU
		Release|Any CPU = Release|Any CPU
	EndGlobalSection
	GlobalSection(ProjectConfigurationPlatforms) = postSolution
		{D8511A34-99BF-48A7-953D-CDD4FC09678A}.Debug|Any CPU.ActiveCfg = Debug|Any CPU
		{D8511A34-99BF-48A7-953D-CDD4FC09678A}.Debug|Any CPU.Build.0 = Debug|Any CPU
		{D8511A34-99BF-48A7-953D-CDD4FC09678A}.Release|Any CPU.ActiveCfg = Release|Any CPU
		{D8511A34-99BF-48A7-953D-CDD4FC09678A}.Release|Any CPU.Build.0 = Release|Any CPU
	EndGlobalSection
	GlobalSection(SolutionProperties) = preSolution
		HideSolutionNode = FALSE
	EndGlobalSection
	GlobalSection(ExtensibilityGlobals) = postSolution
		SolutionGuid = {58CE84D3-08E6-4C97-B3E7-3DE69B231DF4}
	EndGlobalSection
EndGlobal
